
Microsoft Visual Studio Solution File, Format Version 12.00
# Visual Studio 14
VisualStudioVersion = 14.0.25420.1
MinimumVisualStudioVersion = 10.0.40219.1
Project("{FAE04EC0-301F-11D3-BF4B-00C04F79EFBC}") = "OtherAngularJSTutorial", "OtherAngularJSTutorial\OtherAngularJSTutorial.csproj", "{0CE44621-DC86-49B2-A89A-9CE50C38A0B8}"
EndProject
Project("{FAE04EC0-301F-11D3-BF4B-00C04F79EFBC}") = "Day3", "Day3\Day3.csproj", "{07BE0005-ECC6-4DF4-B494-8422CCFBAEEF}"
EndProject
Project("{FAE04EC0-301F-11D3-BF4B-00C04F79EFBC}") = "Day4", "Day4\Day4.csproj", "{D4962FC2-AE44-4B49-97F9-A494936A23B0}"
EndProject
Project("{FAE04EC0-301F-11D3-BF4B-00C04F79EFBC}") = "Day5", "Day5\Day5.csproj", "{E80F0C51-B889-445F-9C89-0DB5F2F02363}"
EndProject
Global
	GlobalSection(SolutionConfigurationPlatforms) = preSolution
		Debug|Any CPU = Debug|Any CPU
		Release|Any CPU = Release|Any CPU
	EndGlobalSection
	GlobalSection(ProjectConfigurationPlatforms) = postSolution
		{0CE44621-DC86-49B2-A89A-9CE50C38A0B8}.Debug|Any CPU.ActiveCfg = Debug|Any CPU
		{0CE44621-DC86-49B2-A89A-9CE50C38A0B8}.Debug|Any CPU.Build.0 = Debug|Any CPU
		{0CE44621-DC86-49B2-A89A-9CE50C38A0B8}.Release|Any CPU.ActiveCfg = Release|Any CPU
		{0CE44621-DC86-49B2-A89A-9CE50C38A0B8}.Release|Any CPU.Build.0 = Release|Any CPU
		{07BE0005-ECC6-4DF4-B494-8422CCFBAEEF}.Debug|Any CPU.ActiveCfg = Debug|Any CPU
		{07BE0005-ECC6-4DF4-B494-8422CCFBAEEF}.Debug|Any CPU.Build.0 = Debug|Any CPU
		{07BE0005-ECC6-4DF4-B494-8422CCFBAEEF}.Release|Any CPU.ActiveCfg = Release|Any CPU
		{07BE0005-ECC6-4DF4-B494-8422CCFBAEEF}.Release|Any CPU.Build.0 = Release|Any CPU
		{D4962FC2-AE44-4B49-97F9-A494936A23B0}.Debug|Any CPU.ActiveCfg = Debug|Any CPU
		{D4962FC2-AE44-4B49-97F9-A494936A23B0}.Debug|Any CPU.Build.0 = Debug|Any CPU
		{D4962FC2-AE44-4B49-97F9-A494936A23B0}.Release|Any CPU.ActiveCfg = Release|Any CPU
		{D4962FC2-AE44-4B49-97F9-A494936A23B0}.Release|Any CPU.Build.0 = Release|Any CPU
		{E80F0C51-B889-445F-9C89-0DB5F2F02363}.Debug|Any CPU.ActiveCfg = Debug|Any CPU
		{E80F0C51-B889-445F-9C89-0DB5F2F02363}.Debug|Any CPU.Build.0 = Debug|Any CPU
		{E80F0C51-B889-445F-9C89-0DB5F2F02363}.Release|Any CPU.ActiveCfg = Release|Any CPU
		{E80F0C51-B889-445F-9C89-0DB5F2F02363}.Release|Any CPU.Build.0 = Release|Any CPU
	EndGlobalSection
	GlobalSection(SolutionProperties) = preSolution
		HideSolutionNode = FALSE
	EndGlobalSection
EndGlobal
